
Microsoft Visual Studio Solution File, Format Version 12.00
# Visual Studio Version 16
VisualStudioVersion = 16.0.31515.178
MinimumVisualStudioVersion = 10.0.40219.1
Project("{FAE04EC0-301F-11D3-BF4B-00C04F79EFBC}") = "LStudies.UI.Site", "src\LStudies.UI.Site\LStudies.UI.Site.csproj", "{755993CF-66F7-4ACE-AC5A-2C5F5C4889C6}"
EndProject
Global
	GlobalSection(SolutionConfigurationPlatforms) = preSolution
		Debug|Any CPU = Debug|Any CPU
		Release|Any CPU = Release|Any CPU
	EndGlobalSection
	GlobalSection(ProjectConfigurationPlatforms) = postSolution
		{755993CF-66F7-4ACE-AC5A-2C5F5C4889C6}.Debug|Any CPU.ActiveCfg = Debug|Any CPU
		{755993CF-66F7-4ACE-AC5A-2C5F5C4889C6}.Debug|Any CPU.Build.0 = Debug|Any CPU
		{755993CF-66F7-4ACE-AC5A-2C5F5C4889C6}.Release|Any CPU.ActiveCfg = Release|Any CPU
		{755993CF-66F7-4ACE-AC5A-2C5F5C4889C6}.Release|Any CPU.Build.0 = Release|Any CPU
	EndGlobalSection
	GlobalSection(SolutionProperties) = preSolution
		HideSolutionNode = FALSE
	EndGlobalSection
	GlobalSection(ExtensibilityGlobals) = postSolution
		SolutionGuid = {9B795F4B-5CEB-4D9C-910F-1B494FF79E6F}
	EndGlobalSection
EndGlobal
